
Microsoft Visual Studio Solution File, Format Version 12.00
# Visual Studio Version 17
VisualStudioVersion = 17.14.36121.58 d17.14
MinimumVisualStudioVersion = 10.0.40219.1
Project("{FAE04EC0-301F-11D3-BF4B-00C04F79EFBC}") = "ABPersonelTayinAPI", "ABPersonelTayinAPI\ABPersonelTayinAPI.csproj", "{D2E2B702-B7AF-4F0A-8F80-246FD618AF95}"
EndProject
Global
	GlobalSection(SolutionConfigurationPlatforms) = preSolution
		Debug|Any CPU = Debug|Any CPU
		Release|Any CPU = Release|Any CPU
	EndGlobalSection
	GlobalSection(ProjectConfigurationPlatforms) = postSolution
		{D2E2B702-B7AF-4F0A-8F80-246FD618AF95}.Debug|Any CPU.ActiveCfg = Debug|Any CPU
		{D2E2B702-B7AF-4F0A-8F80-246FD618AF95}.Debug|Any CPU.Build.0 = Debug|Any CPU
		{D2E2B702-B7AF-4F0A-8F80-246FD618AF95}.Release|Any CPU.ActiveCfg = Release|Any CPU
		{D2E2B702-B7AF-4F0A-8F80-246FD618AF95}.Release|Any CPU.Build.0 = Release|Any CPU
	EndGlobalSection
	GlobalSection(SolutionProperties) = preSolution
		HideSolutionNode = FALSE
	EndGlobalSection
	GlobalSection(ExtensibilityGlobals) = postSolution
		SolutionGuid = {C4A2FF19-218A-4267-B1CC-65914D035EC0}
	EndGlobalSection
EndGlobal
